
Microsoft Visual Studio Solution File, Format Version 12.00
# Visual Studio Version 16
VisualStudioVersion = 16.0.33801.447
MinimumVisualStudioVersion = 10.0.40219.1
Project("{FAE04EC0-301F-11D3-BF4B-00C04F79EFBC}") = "Class Assignment", "Class Assignment.csproj", "{F1C59B80-4A73-46A5-8A0F-06A3E505D72D}"
EndProject
Global
	GlobalSection(SolutionConfigurationPlatforms) = preSolution
		Debug|Any CPU = Debug|Any CPU
		Release|Any CPU = Release|Any CPU
	EndGlobalSection
	GlobalSection(ProjectConfigurationPlatforms) = postSolution
		{F1C59B80-4A73-46A5-8A0F-06A3E505D72D}.Debug|Any CPU.ActiveCfg = Debug|Any CPU
		{F1C59B80-4A73-46A5-8A0F-06A3E505D72D}.Debug|Any CPU.Build.0 = Debug|Any CPU
		{F1C59B80-4A73-46A5-8A0F-06A3E505D72D}.Release|Any CPU.ActiveCfg = Release|Any CPU
		{F1C59B80-4A73-46A5-8A0F-06A3E505D72D}.Release|Any CPU.Build.0 = Release|Any CPU
	EndGlobalSection
	GlobalSection(SolutionProperties) = preSolution
		HideSolutionNode = FALSE
	EndGlobalSection
	GlobalSection(ExtensibilityGlobals) = postSolution
		SolutionGuid = {86AB8B53-DB22-47CD-B124-297321C9C583}
	EndGlobalSection
EndGlobal
