
Microsoft Visual Studio Solution File, Format Version 12.00
# Visual Studio Version 16
VisualStudioVersion = 16.0.33801.447
MinimumVisualStudioVersion = 10.0.40219.1
Project("{FAE04EC0-301F-11D3-BF4B-00C04F79EFBC}") = "Boolean Logic Assignment", "Boolean Logic Assignment.csproj", "{C3145AC4-B975-45C3-AA5D-0B86D48D1ADB}"
EndProject
Global
	GlobalSection(SolutionConfigurationPlatforms) = preSolution
		Debug|Any CPU = Debug|Any CPU
		Release|Any CPU = Release|Any CPU
	EndGlobalSection
	GlobalSection(ProjectConfigurationPlatforms) = postSolution
		{C3145AC4-B975-45C3-AA5D-0B86D48D1ADB}.Debug|Any CPU.ActiveCfg = Debug|Any CPU
		{C3145AC4-B975-45C3-AA5D-0B86D48D1ADB}.Debug|Any CPU.Build.0 = Debug|Any CPU
		{C3145AC4-B975-45C3-AA5D-0B86D48D1ADB}.Release|Any CPU.ActiveCfg = Release|Any CPU
		{C3145AC4-B975-45C3-AA5D-0B86D48D1ADB}.Release|Any CPU.Build.0 = Release|Any CPU
	EndGlobalSection
	GlobalSection(SolutionProperties) = preSolution
		HideSolutionNode = FALSE
	EndGlobalSection
	GlobalSection(ExtensibilityGlobals) = postSolution
		SolutionGuid = {C5DB76FF-070A-4448-9531-E5B433FC377F}
	EndGlobalSection
EndGlobal
