
Microsoft Visual Studio Solution File, Format Version 12.00
# Visual Studio Version 16
VisualStudioVersion = 16.0.33801.447
MinimumVisualStudioVersion = 10.0.40219.1
Project("{FAE04EC0-301F-11D3-BF4B-00C04F79EFBC}") = "Lambda Assignment", "Lambda Assignment.csproj", "{B5BB51FF-D422-4D52-84E8-41C59FAC2E11}"
EndProject
Global
	GlobalSection(SolutionConfigurationPlatforms) = preSolution
		Debug|Any CPU = Debug|Any CPU
		Release|Any CPU = Release|Any CPU
	EndGlobalSection
	GlobalSection(ProjectConfigurationPlatforms) = postSolution
		{B5BB51FF-D422-4D52-84E8-41C59FAC2E11}.Debug|Any CPU.ActiveCfg = Debug|Any CPU
		{B5BB51FF-D422-4D52-84E8-41C59FAC2E11}.Debug|Any CPU.Build.0 = Debug|Any CPU
		{B5BB51FF-D422-4D52-84E8-41C59FAC2E11}.Release|Any CPU.ActiveCfg = Release|Any CPU
		{B5BB51FF-D422-4D52-84E8-41C59FAC2E11}.Release|Any CPU.Build.0 = Release|Any CPU
	EndGlobalSection
	GlobalSection(SolutionProperties) = preSolution
		HideSolutionNode = FALSE
	EndGlobalSection
	GlobalSection(ExtensibilityGlobals) = postSolution
		SolutionGuid = {6A01E29F-1106-47E5-9B04-11FB354691EC}
	EndGlobalSection
EndGlobal
