
Microsoft Visual Studio Solution File, Format Version 12.00
# Visual Studio Version 16
VisualStudioVersion = 16.0.33801.447
MinimumVisualStudioVersion = 10.0.40219.1
Project("{FAE04EC0-301F-11D3-BF4B-00C04F79EFBC}") = "Parameters Assignment", "Parameters Assignment.csproj", "{F37D58B5-AC2A-4F10-893A-8682A12EBB57}"
EndProject
Global
	GlobalSection(SolutionConfigurationPlatforms) = preSolution
		Debug|Any CPU = Debug|Any CPU
		Release|Any CPU = Release|Any CPU
	EndGlobalSection
	GlobalSection(ProjectConfigurationPlatforms) = postSolution
		{F37D58B5-AC2A-4F10-893A-8682A12EBB57}.Debug|Any CPU.ActiveCfg = Debug|Any CPU
		{F37D58B5-AC2A-4F10-893A-8682A12EBB57}.Debug|Any CPU.Build.0 = Debug|Any CPU
		{F37D58B5-AC2A-4F10-893A-8682A12EBB57}.Release|Any CPU.ActiveCfg = Release|Any CPU
		{F37D58B5-AC2A-4F10-893A-8682A12EBB57}.Release|Any CPU.Build.0 = Release|Any CPU
	EndGlobalSection
	GlobalSection(SolutionProperties) = preSolution
		HideSolutionNode = FALSE
	EndGlobalSection
	GlobalSection(ExtensibilityGlobals) = postSolution
		SolutionGuid = {476D64D8-9A79-4951-BCD8-14A23A1D881F}
	EndGlobalSection
EndGlobal
