
Microsoft Visual Studio Solution File, Format Version 12.00
# Visual Studio Version 16
VisualStudioVersion = 16.0.33801.447
MinimumVisualStudioVersion = 10.0.40219.1
Project("{FAE04EC0-301F-11D3-BF4B-00C04F79EFBC}") = "Method Assignment", "Method Assignment.csproj", "{C9E576AA-BB62-40EE-AAA0-7DC14A7E7880}"
EndProject
Global
	GlobalSection(SolutionConfigurationPlatforms) = preSolution
		Debug|Any CPU = Debug|Any CPU
		Release|Any CPU = Release|Any CPU
	EndGlobalSection
	GlobalSection(ProjectConfigurationPlatforms) = postSolution
		{C9E576AA-BB62-40EE-AAA0-7DC14A7E7880}.Debug|Any CPU.ActiveCfg = Debug|Any CPU
		{C9E576AA-BB62-40EE-AAA0-7DC14A7E7880}.Debug|Any CPU.Build.0 = Debug|Any CPU
		{C9E576AA-BB62-40EE-AAA0-7DC14A7E7880}.Release|Any CPU.ActiveCfg = Release|Any CPU
		{C9E576AA-BB62-40EE-AAA0-7DC14A7E7880}.Release|Any CPU.Build.0 = Release|Any CPU
	EndGlobalSection
	GlobalSection(SolutionProperties) = preSolution
		HideSolutionNode = FALSE
	EndGlobalSection
	GlobalSection(ExtensibilityGlobals) = postSolution
		SolutionGuid = {909F25D6-8A95-477C-B3C3-86F0E09A1FA7}
	EndGlobalSection
EndGlobal
